github.com/daves125125/react-ssr-sample-golang v0.0.0-20181203123447-0783bf1155d1 h1:L+CwrHXgT8dTorkJ37JbvJD70hWLP74R0j1I1Jc2o4E=
github.com/daves125125/react-ssr-sample-golang v0.0.0-20181203123447-0783bf1155d1/go.mod h1:cXlga0HfEtLw4DpzmdcXTK0bb9MoozNf2mX/gIIArvU=
github.com/kr/pretty v0.1.0 h1:L/CwN0zerZDmRFUapSPitk6f+Q3+0za1rQkzVuMiMFI=
github.com/kr/pretty v0.1.0/go.mod h1:dAy3ld7l9f0ibDNOQOHHMYYIIbhfbHSm3C4ZsoJORNo=
github.com/kr/pty v1.1.1/go.mod h1:pFQYn66WHrOpPYNljwOMqo10TkYh1fy3cYio2l3bCsQ=
github.com/kr/text v0.1.0 h1:45sCR5RtlFHMR4UwH9sdQ5TC8v0qDQCHnXt+kaKSTVE=
github.com/kr/text v0.1.0/go.mod h1:4Jbv+DJW3UT/LiOwJeYQe1efqtUx/iVham/4vfdArNI=
gopkg.in/check.v1 v1.0.0-20190902080502-41f04d3bba15 h1:YR8cESwS4TdDjEe65xsg0ogRM/Nc3DYOhEAlW+xobZo=
gopkg.in/check.v1 v1.0.0-20190902080502-41f04d3bba15/go.mod h1:Co6ibVJAznAaIkqp8huTwlJQCZ016jof/cbN4VW5Yz0=
gopkg.in/olebedev/go-duktape.v3 v3.0.0-20190709231704-1e4459ed25ff h1:uuol9OUzSvZntY1v963NAbVd7A+PHLMz1FlCe3Lorcs=
gopkg.in/olebedev/go-duktape.v3 v3.0.0-20190709231704-1e4459ed25ff/go.mod h1:uAJfkITjFhyEEuUfm7bsmCZRbW5WRq8s9EY8HZ6hCns=
